// !$*UTF8*$!
{
	archiveVersion = 1;
	classes = {
	};
	objectVersion = 46;
	objects = {

/* Begin PBXBuildFile section */
		345D33D7196E793300EFAACD /* Foundation.framework in Frameworks */ = {isa = PBXBuildFile; fileRef = 345D33D6196E793300EFAACD /* Foundation.framework */; };
		345D33D9196E793300EFAACD /* CoreGraphics.framework in Frameworks */ = {isa = PBXBuildFile; fileRef = 345D33D8196E793300EFAACD /* CoreGraphics.framework */; };
		345D33DB196E793300EFAACD /* UIKit.framework in Frameworks */ = {isa = PBXBuildFile; fileRef = 345D33DA196E793300EFAACD /* UIKit.framework */; };
		345D33E1196E793300EFAACD /* InfoPlist.strings in Resources */ = {isa = PBXBuildFile; fileRef = 345D33DF196E793300EFAACD /* InfoPlist.strings */; };
		345D33E3196E793300EFAACD /* main.m in Sources */ = {isa = PBXBuildFile; fileRef = 345D33E2196E793300EFAACD /* main.m */; };
		345D33E7196E793300EFAACD /* PRCAppDelegate.m in Sources */ = {isa = PBXBuildFile; fileRef = 345D33E6196E793300EFAACD /* PRCAppDelegate.m */; };
		345D33EA196E793300EFAACD /* Main.storyboard in Resources */ = {isa = PBXBuildFile; fileRef = 345D33E8196E793300EFAACD /* Main.storyboard */; };
		345D33ED196E793300EFAACD /* PRCFirstViewController.m in Sources */ = {isa = PBXBuildFile; fileRef = 345D33EC196E793300EFAACD /* PRCFirstViewController.m */; };
		345D33F0196E793300EFAACD /* PRCSecondViewController.m in Sources */ = {isa = PBXBuildFile; fileRef = 345D33EF196E793300EFAACD /* PRCSecondViewController.m */; };
		345D33F2196E793300EFAACD /* Images.xcassets in Resources */ = {isa = PBXBuildFile; fileRef = 345D33F1196E793300EFAACD /* Images.xcassets */; };
		345D33F9196E793300EFAACD /* XCTest.framework in Frameworks */ = {isa = PBXBuildFile; fileRef = 345D33F8196E793300EFAACD /* XCTest.framework */; };
		345D33FA196E793300EFAACD /* Foundation.framework in Frameworks */ = {isa = PBXBuildFile; fileRef = 345D33D6196E793300EFAACD /* Foundation.framework */; };
		345D33FB196E793300EFAACD /* UIKit.framework in Frameworks */ = {isa = PBXBuildFile; fileRef = 345D33DA196E793300EFAACD /* UIKit.framework */; };
		345D3403196E793300EFAACD /* InfoPlist.strings in Resources */ = {isa = PBXBuildFile; fileRef = 345D3401196E793300EFAACD /* InfoPlist.strings */; };
		345D3405196E793300EFAACD /* ManagementTests.m in Sources */ = {isa = PBXBuildFile; fileRef = 345D3404196E793300EFAACD /* ManagementTests.m */; };
/* End PBXBuildFile section */

/* Begin PBXContainerItemProxy section */
		345D33FC196E793300EFAACD /* PBXContainerItemProxy */ = {
			isa = PBXContainerItemProxy;
			containerPortal = 345D33CB196E793300EFAACD /* Project object */;
			proxyType = 1;
			remoteGlobalIDString = 345D33D2196E793300EFAACD;
			remoteInfo = Management;
		};
/* End PBXContainerItemProxy section */

/* Begin PBXFileReference section */
		345D33D3196E793300EFAACD /* Management.app */ = {isa = PBXFileReference; explicitFileType = wrapper.application; includeInIndex = 0; path = Management.app; sourceTree = BUILT_PRODUCTS_DIR; };
		345D33D6196E793300EFAACD /* Foundation.framework */ = {isa = PBXFileReference; lastKnownFileType = wrapper.framework; name = Foundation.framework; path = System/Library/Frameworks/Foundation.framework; sourceTree = SDKROOT; };
		345D33D8196E793300EFAACD /* CoreGraphics.framework */ = {isa = PBXFileReference; lastKnownFileType = wrapper.framework; name = CoreGraphics.framework; path = System/Library/Frameworks/CoreGraphics.framework; sourceTree = SDKROOT; };
		345D33DA196E793300EFAACD /* UIKit.framework */ = {isa = PBXFileReference; lastKnownFileType = wrapper.framework; name = UIKit.framework; path = System/Library/Frameworks/UIKit.framework; sourceTree = SDKROOT; };
		345D33DE196E793300EFAACD /* Management-Info.plist */ = {isa = PBXFileReference; lastKnownFileType = text.plist.xml; path = "Management-Info.plist"; sourceTree = "<group>"; };
		345D33E0196E793300EFAACD /* en */ = {isa = PBXFileReference; lastKnownFileType = text.plist.strings; name = en; path = en.lproj/InfoPlist.strings; sourceTree = "<group>"; };
		345D33E2196E793300EFAACD /* main.m */ = {isa = PBXFileReference; lastKnownFileType = sourcecode.c.objc; path = main.m; sourceTree = "<group>"; };
		345D33E4196E793300EFAACD /* Management-Prefix.pch */ = {isa = PBXFileReference; lastKnownFileType = sourcecode.c.h; path = "Management-Prefix.pch"; sourceTree = "<group>"; };
		345D33E5196E793300EFAACD /* PRCAppDelegate.h */ = {isa = PBXFileReference; lastKnownFileType = sourcecode.c.h; path = PRCAppDelegate.h; sourceTree = "<group>"; };
		345D33E6196E793300EFAACD /* PRCAppDelegate.m */ = {isa = PBXFileReference; lastKnownFileType = sourcecode.c.objc; path = PRCAppDelegate.m; sourceTree = "<group>"; };
		345D33E9196E793300EFAACD /* Base */ = {isa = PBXFileReference; lastKnownFileType = file.storyboard; name = Base; path = Base.lproj/Main.storyboard; sourceTree = "<group>"; };
		345D33EB196E793300EFAACD /* PRCFirstViewController.h */ = {isa = PBXFileReference; lastKnownFileType = sourcecode.c.h; path = PRCFirstViewController.h; sourceTree = "<group>"; };
		345D33EC196E793300EFAACD /* PRCFirstViewController.m */ = {isa = PBXFileReference; lastKnownFileType = sourcecode.c.objc; path = PRCFirstViewController.m; sourceTree = "<group>"; };
		345D33EE196E793300EFAACD /* PRCSecondViewController.h */ = {isa = PBXFileReference; lastKnownFileType = sourcecode.c.h; path = PRCSecondViewController.h; sourceTree = "<group>"; };
		345D33EF196E793300EFAACD /* PRCSecondViewController.m */ = {isa = PBXFileReference; lastKnownFileType = sourcecode.c.objc; path = PRCSecondViewController.m; sourceTree = "<group>"; };
		345D33F1196E793300EFAACD /* Images.xcassets */ = {isa = PBXFileReference; lastKnownFileType = folder.assetcatalog; path = Images.xcassets; sourceTree = "<group>"; };
		345D33F7196E793300EFAACD /* ManagementTests.xctest */ = {isa = PBXFileReference; explicitFileType = wrapper.cfbundle; includeInIndex = 0; path = ManagementTests.xctest; sourceTree = BUILT_PRODUCTS_DIR; };
		345D33F8196E793300EFAACD /* XCTest.framework */ = {isa = PBXFileReference; lastKnownFileType = wrapper.framework; name = XCTest.framework; path = Library/Frameworks/XCTest.framework; sourceTree = DEVELOPER_DIR; };
		345D3400196E793300EFAACD /* ManagementTests-Info.plist */ = {isa = PBXFileReference; lastKnownFileType = text.plist.xml; path = "ManagementTests-Info.plist"; sourceTree = "<group>"; };
		345D3402196E793300EFAACD /* en */ = {isa = PBXFileReference; lastKnownFileType = text.plist.strings; name = en; path = en.lproj/InfoPlist.strings; sourceTree = "<group>"; };
		345D3404196E793300EFAACD /* ManagementTests.m */ = {isa = PBXFileReference; lastKnownFileType = sourcecode.c.objc; path = ManagementTests.m; sourceTree = "<group>"; };
/* End PBXFileReference section */

/* Begin PBXFrameworksBuildPhase section */
		345D33D0196E793300EFAACD /* Frameworks */ = {
			isa = PBXFrameworksBuildPhase;
			buildActionMask = 2147483647;
			files = (
				345D33D9196E793300EFAACD /* CoreGraphics.framework in Frameworks */,
				345D33DB196E793300EFAACD /* UIKit.framework in Frameworks */,
				345D33D7196E793300EFAACD /* Foundation.framework in Frameworks */,
			);
			runOnlyForDeploymentPostprocessing = 0;
		};
		345D33F4196E793300EFAACD /* Frameworks */ = {
			isa = PBXFrameworksBuildPhase;
			buildActionMask = 2147483647;
			files = (
				345D33F9196E793300EFAACD /* XCTest.framework in Frameworks */,
				345D33FB196E793300EFAACD /* UIKit.framework in Frameworks */,
				345D33FA196E793300EFAACD /* Foundation.framework in Frameworks */,
			);
			runOnlyForDeploymentPostprocessing = 0;
		};
/* End PBXFrameworksBuildPhase section */

/* Begin PBXGroup section */
		345D33CA196E793300EFAACD = {
			isa = PBXGroup;
			children = (
				345D33DC196E793300EFAACD /* Management */,
				345D33FE196E793300EFAACD /* ManagementTests */,
				345D33D5196E793300EFAACD /* Frameworks */,
				345D33D4196E793300EFAACD /* Products */,
			);
			sourceTree = "<group>";
		};
		345D33D4196E793300EFAACD /* Products */ = {
			isa = PBXGroup;
			children = (
				345D33D3196E793300EFAACD /* Management.app */,
				345D33F7196E793300EFAACD /* ManagementTests.xctest */,
			);
			name = Products;
			sourceTree = "<group>";
		};
		345D33D5196E793300EFAACD /* Frameworks */ = {
			isa = PBXGroup;
			children = (
				345D33D6196E793300EFAACD /* Foundation.framework */,
				345D33D8196E793300EFAACD /* CoreGraphics.framework */,
				345D33DA196E793300EFAACD /* UIKit.framework */,
				345D33F8196E793300EFAACD /* XCTest.framework */,
			);
			name = Frameworks;
			sourceTree = "<group>";
		};
		345D33DC196E793300EFAACD /* Management */ = {
			isa = PBXGroup;
			children = (
				345D33E5196E793300EFAACD /* PRCAppDelegate.h */,
				345D33E6196E793300EFAACD /* PRCAppDelegate.m */,
				345D33E8196E793300EFAACD /* Main.storyboard */,
				345D33EB196E793300EFAACD /* PRCFirstViewController.h */,
				345D33EC196E793300EFAACD /* PRCFirstViewController.m */,
				345D33EE196E793300EFAACD /* PRCSecondViewController.h */,
				345D33EF196E793300EFAACD /* PRCSecondViewController.m */,
				345D33F1196E793300EFAACD /* Images.xcassets */,
				345D33DD196E793300EFAACD /* Supporting Files */,
			);
			path = Management;
			sourceTree = "<group>";
		};
		345D33DD196E793300EFAACD /* Supporting Files */ = {
			isa = PBXGroup;
			children = (
				345D33DE196E793300EFAACD /* Management-Info.plist */,
				345D33DF196E793300EFAACD /* InfoPlist.strings */,
				345D33E2196E793300EFAACD /* main.m */,
				345D33E4196E793300EFAACD /* Management-Prefix.pch */,
			);
			name = "Supporting Files";
			sourceTree = "<group>";
		};
		345D33FE196E793300EFAACD /* ManagementTests */ = {
			isa = PBXGroup;
			children = (
				345D3404196E793300EFAACD /* ManagementTests.m */,
				345D33FF196E793300EFAACD /* Supporting Files */,
			);
			path = ManagementTests;
			sourceTree = "<group>";
		};
		345D33FF196E793300EFAACD /* Supporting Files */ = {
			isa = PBXGroup;
			children = (
				345D3400196E793300EFAACD /* ManagementTests-Info.plist */,
				345D3401196E793300EFAACD /* InfoPlist.strings */,
			);
			name = "Supporting Files";
			sourceTree = "<group>";
		};
/* End PBXGroup section */

/* Begin PBXNativeTarget section */
		345D33D2196E793300EFAACD /* Management */ = {
			isa = PBXNativeTarget;
			buildConfigurationList = 345D3408196E793300EFAACD /* Build configuration list for PBXNativeTarget "Management" */;
			buildPhases = (
				345D33CF196E793300EFAACD /* Sources */,
				345D33D0196E793300EFAACD /* Frameworks */,
				345D33D1196E793300EFAACD /* Resources */,
			);
			buildRules = (
			);
			dependencies = (
			);
			name = Management;
			productName = Management;
			productReference = 345D33D3196E793300EFAACD /* Management.app */;
			productType = "com.apple.product-type.application";
		};
		345D33F6196E793300EFAACD /* ManagementTests */ = {
			isa = PBXNativeTarget;
			buildConfigurationList = 345D340B196E793300EFAACD /* Build configuration list for PBXNativeTarget "ManagementTests" */;
			buildPhases = (
				345D33F3196E793300EFAACD /* Sources */,
				345D33F4196E793300EFAACD /* Frameworks */,
				345D33F5196E793300EFAACD /* Resources */,
			);
			buildRules = (
			);
			dependencies = (
				345D33FD196E793300EFAACD /* PBXTargetDependency */,
			);
			name = ManagementTests;
			productName = ManagementTests;
			productReference = 345D33F7196E793300EFAACD /* ManagementTests.xctest */;
			productType = "com.apple.product-type.bundle.unit-test";
		};
/* End PBXNativeTarget section */

/* Begin PBXProject section */
		345D33CB196E793300EFAACD /* Project object */ = {
			isa = PBXProject;
			attributes = {
				CLASSPREFIX = PRC;
				LastUpgradeCheck = 0510;
				ORGANIZATIONNAME = exec;
				TargetAttributes = {
					345D33F6196E793300EFAACD = {
						TestTargetID = 345D33D2196E793300EFAACD;
					};
				};
			};
			buildConfigurationList = 345D33CE196E793300EFAACD /* Build configuration list for PBXProject "Management" */;
			compatibilityVersion = "Xcode 3.2";
			developmentRegion = English;
			hasScannedForEncodings = 0;
			knownRegions = (
				en,
				Base,
			);
			mainGroup = 345D33CA196E793300EFAACD;
			productRefGroup = 345D33D4196E793300EFAACD /* Products */;
			projectDirPath = "";
			projectRoot = "";
			targets = (
				345D33D2196E793300EFAACD /* Management */,
				345D33F6196E793300EFAACD /* ManagementTests */,
			);
		};
/* End PBXProject section */

/* Begin PBXResourcesBuildPhase section */
		345D33D1196E793300EFAACD /* Resources */ = {
			isa = PBXResourcesBuildPhase;
			buildActionMask = 2147483647;
			files = (
				345D33F2196E793300EFAACD /* Images.xcassets in Resources */,
				345D33E1196E793300EFAACD /* InfoPlist.strings in Resources */,
				345D33EA196E793300EFAACD /* Main.storyboard in Resources */,
			);
			runOnlyForDeploymentPostprocessing = 0;
		};
		345D33F5196E793300EFAACD /* Resources */ = {
			isa = PBXResourcesBuildPhase;
			buildActionMask = 2147483647;
			files = (
				345D3403196E793300EFAACD /* InfoPlist.strings in Resources */,
			);
			runOnlyForDeploymentPostprocessing = 0;
		};
/* End PBXResourcesBuildPhase section */

/* Begin PBXSourcesBuildPhase section */
		345D33CF196E793300EFAACD /* Sources */ = {
			isa = PBXSourcesBuildPhase;
			buildActionMask = 2147483647;
			files = (
				345D33F0196E793300EFAACD /* PRCSecondViewController.m in Sources */,
				345D33E7196E793300EFAACD /* PRCAppDelegate.m in Sources */,
				345D33ED196E793300EFAACD /* PRCFirstViewController.m in Sources */,
				345D33E3196E793300EFAACD /* main.m in Sources */,
			);
			runOnlyForDeploymentPostprocessing = 0;
		};
		345D33F3196E793300EFAACD /* Sources */ = {
			isa = PBXSourcesBuildPhase;
			buildActionMask = 2147483647;
			files = (
				345D3405196E793300EFAACD /* ManagementTests.m in Sources */,
			);
			runOnlyForDeploymentPostprocessing = 0;
		};
/* End PBXSourcesBuildPhase section */

/* Begin PBXTargetDependency section */
		345D33FD196E793300EFAACD /* PBXTargetDependency */ = {
			isa = PBXTargetDependency;
			target = 345D33D2196E793300EFAACD /* Management */;
			targetProxy = 345D33FC196E793300EFAACD /* PBXContainerItemProxy */;
		};
/* End PBXTargetDependency section */

/* Begin PBXVariantGroup section */
		345D33DF196E793300EFAACD /* InfoPlist.strings */ = {
			isa = PBXVariantGroup;
			children = (
				345D33E0196E793300EFAACD /* en */,
			);
			name = InfoPlist.strings;
			sourceTree = "<group>";
		};
		345D33E8196E793300EFAACD /* Main.storyboard */ = {
			isa = PBXVariantGroup;
			children = (
				345D33E9196E793300EFAACD /* Base */,
			);
			name = Main.storyboard;
			sourceTree = "<group>";
		};
		345D3401196E793300EFAACD /* InfoPlist.strings */ = {
			isa = PBXVariantGroup;
			children = (
				345D3402196E793300EFAACD /* en */,
			);
			name = InfoPlist.strings;
			sourceTree = "<group>";
		};
/* End PBXVariantGroup section */

/* Begin XCBuildConfiguration section */
		345D3406196E793300EFAACD /* Debug */ = {
			isa = XCBuildConfiguration;
			buildSettings = {
				ALWAYS_SEARCH_USER_PATHS = NO;
				CLANG_CXX_LANGUAGE_STANDARD = "gnu++0x";
				CLANG_CXX_LIBRARY = "libc++";
				CLANG_ENABLE_MODULES = YES;
				CLANG_ENABLE_OBJC_ARC = YES;
				CLANG_WARN_BOOL_CONVERSION = YES;
				CLANG_WARN_CONSTANT_CONVERSION = YES;
				CLANG_WARN_DIRECT_OBJC_ISA_USAGE = YES_ERROR;
				CLANG_WARN_EMPTY_BODY = YES;
				CLANG_WARN_ENUM_CONVERSION = YES;
				CLANG_WARN_INT_CONVERSION = YES;
				CLANG_WARN_OBJC_ROOT_CLASS = YES_ERROR;
				CLANG_WARN__DUPLICATE_METHOD_MATCH = YES;
				"CODE_SIGN_IDENTITY[sdk=iphoneos*]" = "iPhone Developer";
				COPY_PHASE_STRIP = NO;
				GCC_C_LANGUAGE_STANDARD = gnu99;
				GCC_DYNAMIC_NO_PIC = NO;
				GCC_OPTIMIZATION_LEVEL = 0;
				GCC_PREPROCESSOR_DEFINITIONS = (
					"DEBUG=1",
					"$(inherited)",
				);
				GCC_SYMBOLS_PRIVATE_EXTERN = NO;
				GCC_WARN_64_TO_32_BIT_CONVERSION = YES;
				GCC_WARN_ABOUT_RETURN_TYPE = YES_ERROR;
				GCC_WARN_UNDECLARED_SELECTOR = YES;
				GCC_WARN_UNINITIALIZED_AUTOS = YES_AGGRESSIVE;
				GCC_WARN_UNUSED_FUNCTION = YES;
				GCC_WARN_UNUSED_VARIABLE = YES;
				IPHONEOS_DEPLOYMENT_TARGET = 7.1;
				ONLY_ACTIVE_ARCH = YES;
				SDKROOT = iphoneos;
			};
			name = Debug;
		};
		345D3407196E793300EFAACD /* Release */ = {
			isa = XCBuildConfiguration;
			buildSettings = {
				ALWAYS_SEARCH_USER_PATHS = NO;
				CLANG_CXX_LANGUAGE_STANDARD = "gnu++0x";
				CLANG_CXX_LIBRARY = "libc++";
				CLANG_ENABLE_MODULES = YES;
				CLANG_ENABLE_OBJC_ARC = YES;
				CLANG_WARN_BOOL_CONVERSION = YES;
				CLANG_WARN_CONSTANT_CONVERSION = YES;
				CLANG_WARN_DIRECT_OBJC_ISA_USAGE = YES_ERROR;
				CLANG_WARN_EMPTY_BODY = YES;
				CLANG_WARN_ENUM_CONVERSION = YES;
				CLANG_WARN_INT_CONVERSION = YES;
				CLANG_WARN_OBJC_ROOT_CLASS = YES_ERROR;
				CLANG_WARN__DUPLICATE_METHOD_MATCH = YES;
				"CODE_SIGN_IDENTITY[sdk=iphoneos*]" = "iPhone Developer";
				COPY_PHASE_STRIP = YES;
				ENABLE_NS_ASSERTIONS = NO;
				GCC_C_LANGUAGE_STANDARD = gnu99;
				GCC_WARN_64_TO_32_BIT_CONVERSION = YES;
				GCC_WARN_ABOUT_RETURN_TYPE = YES_ERROR;
				GCC_WARN_UNDECLARED_SELECTOR = YES;
				GCC_WARN_UNINITIALIZED_AUTOS = YES_AGGRESSIVE;
				GCC_WARN_UNUSED_FUNCTION = YES;
				GCC_WARN_UNUSED_VARIABLE = YES;
				IPHONEOS_DEPLOYMENT_TARGET = 7.1;
				SDKROOT = iphoneos;
				VALIDATE_PRODUCT = YES;
			};
			name = Release;
		};
		345D3409196E793300EFAACD /* Debug */ = {
			isa = XCBuildConfiguration;
			buildSettings = {
				ASSETCATALOG_COMPILER_APPICON_NAME = AppIcon;
				ASSETCATALOG_COMPILER_LAUNCHIMAGE_NAME = LaunchImage;
				GCC_PRECOMPILE_PREFIX_HEADER = YES;
				GCC_PREFIX_HEADER = "Management/Management-Prefix.pch";
				INFOPLIST_FILE = "Management/Management-Info.plist";
				PRODUCT_NAME = "$(TARGET_NAME)";
				WRAPPER_EXTENSION = app;
			};
			name = Debug;
		};
		345D340A196E793300EFAACD /* Release */ = {
			isa = XCBuildConfiguration;
			buildSettings = {
				ASSETCATALOG_COMPILER_APPICON_NAME = AppIcon;
				ASSETCATALOG_COMPILER_LAUNCHIMAGE_NAME = LaunchImage;
				GCC_PRECOMPILE_PREFIX_HEADER = YES;
				GCC_PREFIX_HEADER = "Management/Management-Prefix.pch";
				INFOPLIST_FILE = "Management/Management-Info.plist";
				PRODUCT_NAME = "$(TARGET_NAME)";
				WRAPPER_EXTENSION = app;
			};
			name = Release;
		};
		345D340C196E793300EFAACD /* Debug */ = {
			isa = XCBuildConfiguration;
			buildSettings = {
				BUNDLE_LOADER = "$(BUILT_PRODUCTS_DIR)/Management.app/Management";
				FRAMEWORK_SEARCH_PATHS = (
					"$(SDKROOT)/Developer/Library/Frameworks",
					"$(inherited)",
					"$(DEVELOPER_FRAMEWORKS_DIR)",
				);
				GCC_PRECOMPILE_PREFIX_HEADER = YES;
				GCC_PREFIX_HEADER = "Management/Management-Prefix.pch";
				GCC_PREPROCESSOR_DEFINITIONS = (
					"DEBUG=1",
					"$(inherited)",
				);
				INFOPLIST_FILE = "ManagementTests/ManagementTests-Info.plist";
				PRODUCT_NAME = "$(TARGET_NAME)";
				TEST_HOST = "$(BUNDLE_LOADER)";
				WRAPPER_EXTENSION = xctest;
			};
			name = Debug;
		};
		345D340D196E793300EFAACD /* Release */ = {
			isa = XCBuildConfiguration;
			buildSettings = {
				BUNDLE_LOADER = "$(BUILT_PRODUCTS_DIR)/Management.app/Management";
				FRAMEWORK_SEARCH_PATHS = (
					"$(SDKROOT)/Developer/Library/Frameworks",
					"$(inherited)",
					"$(DEVELOPER_FRAMEWORKS_DIR)",
				);
				GCC_PRECOMPILE_PREFIX_HEADER = YES;
				GCC_PREFIX_HEADER = "Management/Management-Prefix.pch";
				INFOPLIST_FILE = "ManagementTests/ManagementTests-Info.plist";
				PRODUCT_NAME = "$(TARGET_NAME)";
				TEST_HOST = "$(BUNDLE_LOADER)";
				WRAPPER_EXTENSION = xctest;
			};
			name = Release;
		};
/* End XCBuildConfiguration section */

/* Begin XCConfigurationList section */
		345D33CE196E793300EFAACD /* Build configuration list for PBXProject "Management" */ = {
			isa = XCConfigurationList;
			buildConfigurations = (
				345D3406196E793300EFAACD /* Debug */,
				345D3407196E793300EFAACD /* Release */,
			);
			defaultConfigurationIsVisible = 0;
			defaultConfigurationName = Release;
		};
		345D3408196E793300EFAACD /* Build configuration list for PBXNativeTarget "Management" */ = {
			isa = XCConfigurationList;
			buildConfigurations = (
				345D3409196E793300EFAACD /* Debug */,
				345D340A196E793300EFAACD /* Release */,
			);
			defaultConfigurationIsVisible = 0;
		};
		345D340B196E793300EFAACD /* Build configuration list for PBXNativeTarget "ManagementTests" */ = {
			isa = XCConfigurationList;
			buildConfigurations = (
				345D340C196E793300EFAACD /* Debug */,
				345D340D196E793300EFAACD /* Release */,
			);
			defaultConfigurationIsVisible = 0;
		};
/* End XCConfigurationList section */
	};
	rootObject = 345D33CB196E793300EFAACD /* Project object */;
}
